
Microsoft Visual Studio Solution File, Format Version 12.00
# Visual Studio 15
VisualStudioVersion = 15.0.28307.705
MinimumVisualStudioVersion = 10.0.40219.1
Project("{8BC9CEB8-8B4A-11D0-8D11-00A0C91BC942}") = "podg", "podg\podg.vcxproj", "{5F5306A4-28D5-4E0A-A0F0-B57AF18321C6}"
EndProject
Global
	GlobalSection(SolutionConfigurationPlatforms) = preSolution
		Debug|x64 = Debug|x64
		Debug|x86 = Debug|x86
		Release|x64 = Release|x64
		Release|x86 = Release|x86
	EndGlobalSection
	GlobalSection(ProjectConfigurationPlatforms) = postSolution
		{5F5306A4-28D5-4E0A-A0F0-B57AF18321C6}.Debug|x64.ActiveCfg = Debug|x64
		{5F5306A4-28D5-4E0A-A0F0-B57AF18321C6}.Debug|x64.Build.0 = Debug|x64
		{5F5306A4-28D5-4E0A-A0F0-B57AF18321C6}.Debug|x86.ActiveCfg = Debug|Win32
		{5F5306A4-28D5-4E0A-A0F0-B57AF18321C6}.Debug|x86.Build.0 = Debug|Win32
		{5F5306A4-28D5-4E0A-A0F0-B57AF18321C6}.Release|x64.ActiveCfg = Release|x64
		{5F5306A4-28D5-4E0A-A0F0-B57AF18321C6}.Release|x64.Build.0 = Release|x64
		{5F5306A4-28D5-4E0A-A0F0-B57AF18321C6}.Release|x86.ActiveCfg = Release|Win32
		{5F5306A4-28D5-4E0A-A0F0-B57AF18321C6}.Release|x86.Build.0 = Release|Win32
	EndGlobalSection
	GlobalSection(SolutionProperties) = preSolution
		HideSolutionNode = FALSE
	EndGlobalSection
	GlobalSection(ExtensibilityGlobals) = postSolution
		SolutionGuid = {DF6D25AE-3C61-48E5-B3FE-C3CD7E9C6C9D}
	EndGlobalSection
EndGlobal
